
Microsoft Visual Studio Solution File, Format Version 12.00
Project("{FAE04EC0-301F-11D3-BF4B-00C04F79EFBC}") = "TrickingLibrary.API", "TrickingLibrary.API\TrickingLibrary.API.csproj", "{AB7893A3-6577-4C3E-ACA8-FFB5DCCD44F3}"
EndProject
Global
	GlobalSection(SolutionConfigurationPlatforms) = preSolution
		Debug|Any CPU = Debug|Any CPU
		Release|Any CPU = Release|Any CPU
	EndGlobalSection
	GlobalSection(ProjectConfigurationPlatforms) = postSolution
		{AB7893A3-6577-4C3E-ACA8-FFB5DCCD44F3}.Debug|Any CPU.ActiveCfg = Debug|Any CPU
		{AB7893A3-6577-4C3E-ACA8-FFB5DCCD44F3}.Debug|Any CPU.Build.0 = Debug|Any CPU
		{AB7893A3-6577-4C3E-ACA8-FFB5DCCD44F3}.Release|Any CPU.ActiveCfg = Release|Any CPU
		{AB7893A3-6577-4C3E-ACA8-FFB5DCCD44F3}.Release|Any CPU.Build.0 = Release|Any CPU
	EndGlobalSection
EndGlobal
